schema: '2.0'
stages:
  data_ingestion:
    cmd: python src/SmartBin/pipeline/stage_01_data_ingestion.py
    deps:
    - path: config/config.yaml
      hash: md5
      md5: 372dab44d167790bc8d1d6c01365dbed
      size: 595
    - path: src/SmartBin/pipeline/stage_01_data_ingestion.py
      hash: md5
      md5: bc69f1f29ea4c1f72253c3bc93f5311f
      size: 891
    outs:
    - path: artifacts/data_ingestion/DATASET
      hash: md5
      md5: 849ce0a7c211f956030747bd46d1bcc0.dir
      size: 444472794
      nfiles: 50154
  prepare_base_model:
    cmd: python src/SmartBin/pipeline/stage_02_prepare_base_model.py
    deps:
    - path: config/config.yaml
      hash: md5
      md5: 372dab44d167790bc8d1d6c01365dbed
      size: 595
    - path: src/SmartBin/pipeline/stage_02_prepare_base_model.py
      hash: md5
      md5: b89d457c53277ccf33feebfa072e0e17
      size: 984
    params:
      params.yaml:
        CLASSES: 2
        IMAGE_SIZE:
        - 224
        - 224
        - 3
        INCLUDE_TOP: false
        LEARNING_RATE: 0.01
        WEIGHTS: imagenet
    outs:
    - path: artifacts/prepare_base_model
      hash: md5
      md5: b037a1945efd394cc622583d311a6565.dir
      size: 118054560
      nfiles: 2
  training:
    cmd: python src/SmartBin/pipeline/stage_03_model_training.py
    deps:
    - path: artifacts/data_ingestion/DATASET
      hash: md5
      md5: 849ce0a7c211f956030747bd46d1bcc0.dir
      size: 444472794
      nfiles: 50154
    - path: artifacts/prepare_base_model
      hash: md5
      md5: b037a1945efd394cc622583d311a6565.dir
      size: 118054560
      nfiles: 2
    - path: config/config.yaml
      hash: md5
      md5: 372dab44d167790bc8d1d6c01365dbed
      size: 595
    - path: src/SmartBin/pipeline/stage_03_model_training.py
      hash: md5
      md5: 2027f032d16c6bf606c909be65c62d15
      size: 912
    params:
      params.yaml:
        AUGMENTATION: true
        BATCH_SIZE: 16
        EPOCHS: 3
        IMAGE_SIZE:
        - 224
        - 224
        - 3
    outs:
    - path: artifacts/training/model.h5
      hash: md5
      md5: 70f4a95ecbbd6b15b8700d915bf47c40
      size: 59337520
  evaluation:
    cmd: python src/SmartBin/pipeline/stage_04_model_evaluation.py
    deps:
    - path: artifacts/data_ingestion/DATASET
      hash: md5
      md5: 849ce0a7c211f956030747bd46d1bcc0.dir
      size: 444472794
      nfiles: 50154
    - path: artifacts/training/model.h5
      hash: md5
      md5: 70f4a95ecbbd6b15b8700d915bf47c40
      size: 59337520
    - path: config/config.yaml
      hash: md5
      md5: 372dab44d167790bc8d1d6c01365dbed
      size: 595
    - path: src/SmartBin/pipeline/stage_04_model_evaluation.py
      hash: md5
      md5: cbc23278e88d4a6e2ae3234fd685ecb1
      size: 926
    params:
      params.yaml:
        BATCH_SIZE: 16
        IMAGE_SIZE:
        - 224
        - 224
        - 3
    outs:
    - path: scores.json
      hash: md5
      md5: 48cacad439a2eb27e31128d8fc659cb7
      size: 73
